
Microsoft Visual Studio Solution File, Format Version 11.00
# Visual Studio 2010
Project("{8BC9CEB8-8B4A-11D0-8D11-00A0C91BC942}") = "test_02_10_3", "test_02_10_3\test_02_10_3.vcxproj", "{722BC23F-5BFD-4B00-B4EE-C9549F32C962}"
EndProject
Global
	GlobalSection(SolutionConfigurationPlatforms) = preSolution
		Debug|Win32 = Debug|Win32
		Release|Win32 = Release|Win32
	EndGlobalSection
	GlobalSection(ProjectConfigurationPlatforms) = postSolution
		{722BC23F-5BFD-4B00-B4EE-C9549F32C962}.Debug|Win32.ActiveCfg = Debug|Win32
		{722BC23F-5BFD-4B00-B4EE-C9549F32C962}.Debug|Win32.Build.0 = Debug|Win32
		{722BC23F-5BFD-4B00-B4EE-C9549F32C962}.Release|Win32.ActiveCfg = Release|Win32
		{722BC23F-5BFD-4B00-B4EE-C9549F32C962}.Release|Win32.Build.0 = Release|Win32
	EndGlobalSection
	GlobalSection(SolutionProperties) = preSolution
		HideSolutionNode = FALSE
	EndGlobalSection
EndGlobal
