
Microsoft Visual Studio Solution File, Format Version 11.00
# Visual Studio 2010
Project("{8BC9CEB8-8B4A-11D0-8D11-00A0C91BC942}") = "test_02_20", "test_02_20\test_02_20.vcxproj", "{26CDADDD-3CFA-4308-A9CB-64FB71D6B8E5}"
EndProject
Global
	GlobalSection(SolutionConfigurationPlatforms) = preSolution
		Debug|Win32 = Debug|Win32
		Release|Win32 = Release|Win32
	EndGlobalSection
	GlobalSection(ProjectConfigurationPlatforms) = postSolution
		{26CDADDD-3CFA-4308-A9CB-64FB71D6B8E5}.Debug|Win32.ActiveCfg = Debug|Win32
		{26CDADDD-3CFA-4308-A9CB-64FB71D6B8E5}.Debug|Win32.Build.0 = Debug|Win32
		{26CDADDD-3CFA-4308-A9CB-64FB71D6B8E5}.Release|Win32.ActiveCfg = Release|Win32
		{26CDADDD-3CFA-4308-A9CB-64FB71D6B8E5}.Release|Win32.Build.0 = Release|Win32
	EndGlobalSection
	GlobalSection(SolutionProperties) = preSolution
		HideSolutionNode = FALSE
	EndGlobalSection
EndGlobal
