
Microsoft Visual Studio Solution File, Format Version 11.00
# Visual Studio 2010
Project("{8BC9CEB8-8B4A-11D0-8D11-00A0C91BC942}") = "test_03_03", "test_03_03\test_03_03.vcxproj", "{C0500F79-0197-423A-B5E7-C415F4E1BD08}"
EndProject
Global
	GlobalSection(SolutionConfigurationPlatforms) = preSolution
		Debug|Win32 = Debug|Win32
		Release|Win32 = Release|Win32
	EndGlobalSection
	GlobalSection(ProjectConfigurationPlatforms) = postSolution
		{C0500F79-0197-423A-B5E7-C415F4E1BD08}.Debug|Win32.ActiveCfg = Debug|Win32
		{C0500F79-0197-423A-B5E7-C415F4E1BD08}.Debug|Win32.Build.0 = Debug|Win32
		{C0500F79-0197-423A-B5E7-C415F4E1BD08}.Release|Win32.ActiveCfg = Release|Win32
		{C0500F79-0197-423A-B5E7-C415F4E1BD08}.Release|Win32.Build.0 = Release|Win32
	EndGlobalSection
	GlobalSection(SolutionProperties) = preSolution
		HideSolutionNode = FALSE
	EndGlobalSection
EndGlobal
