
Microsoft Visual Studio Solution File, Format Version 11.00
# Visual Studio 2010
Project("{8BC9CEB8-8B4A-11D0-8D11-00A0C91BC942}") = "test_02_14_2", "test_02_14_2\test_02_14_2.vcxproj", "{CF902658-68D9-4146-AAB8-6B77D234DBB1}"
EndProject
Global
	GlobalSection(SolutionConfigurationPlatforms) = preSolution
		Debug|Win32 = Debug|Win32
		Release|Win32 = Release|Win32
	EndGlobalSection
	GlobalSection(ProjectConfigurationPlatforms) = postSolution
		{CF902658-68D9-4146-AAB8-6B77D234DBB1}.Debug|Win32.ActiveCfg = Debug|Win32
		{CF902658-68D9-4146-AAB8-6B77D234DBB1}.Debug|Win32.Build.0 = Debug|Win32
		{CF902658-68D9-4146-AAB8-6B77D234DBB1}.Release|Win32.ActiveCfg = Release|Win32
		{CF902658-68D9-4146-AAB8-6B77D234DBB1}.Release|Win32.Build.0 = Release|Win32
	EndGlobalSection
	GlobalSection(SolutionProperties) = preSolution
		HideSolutionNode = FALSE
	EndGlobalSection
EndGlobal
